
Microsoft Visual Studio Solution File, Format Version 11.00
# Visual C++ Express 2010
Project("{8BC9CEB8-8B4A-11D0-8D11-00A0C91BC942}") = "wtw_fb_notif", "wtw_fb_notif\wtw_fb_notif.vcxproj", "{95CFE403-B5C9-4941-AF61-2F587251B176}"
EndProject
Global
	GlobalSection(SolutionConfigurationPlatforms) = preSolution
		Debug|Win32 = Debug|Win32
		Release|Win32 = Release|Win32
	EndGlobalSection
	GlobalSection(ProjectConfigurationPlatforms) = postSolution
		{95CFE403-B5C9-4941-AF61-2F587251B176}.Debug|Win32.ActiveCfg = Debug|Win32
		{95CFE403-B5C9-4941-AF61-2F587251B176}.Debug|Win32.Build.0 = Debug|Win32
		{95CFE403-B5C9-4941-AF61-2F587251B176}.Release|Win32.ActiveCfg = Release|Win32
		{95CFE403-B5C9-4941-AF61-2F587251B176}.Release|Win32.Build.0 = Release|Win32
	EndGlobalSection
	GlobalSection(SolutionProperties) = preSolution
		HideSolutionNode = FALSE
	EndGlobalSection
EndGlobal
